
Microsoft Visual Studio Solution File, Format Version 12.00
# Visual Studio 15
VisualStudioVersion = 15.0.27703.2000
MinimumVisualStudioVersion = 10.0.40219.1
Project("{9A19103F-16F7-4668-BE54-9A1E7A4F7556}") = "DistributedLock.ZooKeeper", "DistributedLock.ZooKeeper\DistributedLock.ZooKeeper.csproj", "{1DBBAE58-CB90-4FD0-A034-3CF5373E4D56}"
EndProject
Project("{FAE04EC0-301F-11D3-BF4B-00C04F79EFBC}") = "DistributedLock.Dome", "DistributedLock.Dome\DistributedLock.Dome.csproj", "{7011AC23-2C57-4A2B-9AF1-9160204A5E34}"
EndProject
Global
	GlobalSection(SolutionConfigurationPlatforms) = preSolution
		Debug|Any CPU = Debug|Any CPU
		Release|Any CPU = Release|Any CPU
	EndGlobalSection
	GlobalSection(ProjectConfigurationPlatforms) = postSolution
		{1DBBAE58-CB90-4FD0-A034-3CF5373E4D56}.Debug|Any CPU.ActiveCfg = Debug|Any CPU
		{1DBBAE58-CB90-4FD0-A034-3CF5373E4D56}.Debug|Any CPU.Build.0 = Debug|Any CPU
		{1DBBAE58-CB90-4FD0-A034-3CF5373E4D56}.Release|Any CPU.ActiveCfg = Release|Any CPU
		{1DBBAE58-CB90-4FD0-A034-3CF5373E4D56}.Release|Any CPU.Build.0 = Release|Any CPU
		{7011AC23-2C57-4A2B-9AF1-9160204A5E34}.Debug|Any CPU.ActiveCfg = Debug|Any CPU
		{7011AC23-2C57-4A2B-9AF1-9160204A5E34}.Debug|Any CPU.Build.0 = Debug|Any CPU
		{7011AC23-2C57-4A2B-9AF1-9160204A5E34}.Release|Any CPU.ActiveCfg = Release|Any CPU
		{7011AC23-2C57-4A2B-9AF1-9160204A5E34}.Release|Any CPU.Build.0 = Release|Any CPU
	EndGlobalSection
	GlobalSection(SolutionProperties) = preSolution
		HideSolutionNode = FALSE
	EndGlobalSection
	GlobalSection(ExtensibilityGlobals) = postSolution
		SolutionGuid = {75197EFE-835B-4CC1-8867-548ED90751FF}
	EndGlobalSection
EndGlobal
